# This file was autogenerated by Stack.
# You should not edit this file by hand.
# For more information, please see the documentation at:
#   https://docs.haskellstack.org/en/stable/lock_files

packages:
- completed:
    cabal-file:
      size: 3398
      sha256: aae7b054a8146777f6b129db3899f4b13e3b6f7526ec1bb9e1ead673a4193341
    name: telegram-bot-simple
    version: 0.2.0
    git: https://github.com/fizruk/telegram-bot-simple.git
    pantry-tree:
      size: 2047
      sha256: b3c914fdb5df4cae299563e255cff6fb015538fd8ea5bd31f14437c695f8e248
    commit: 083d4e78baee47d49fca10156df95de1903d54bc
  original:
    git: https://github.com/fizruk/telegram-bot-simple.git
    commit: 083d4e78baee47d49fca10156df95de1903d54bc
snapshots:
- completed:
    size: 524996
    url: https://raw.githubusercontent.com/commercialhaskell/stackage-snapshots/master/lts/14/27.yaml
    sha256: 7ea31a280c56bf36ff591a7397cc384d0dff622e7f9e4225b47d8980f019a0f0
  original: lts-14.27
